// !$*UTF8*$!
{
	archiveVersion = 1;
	classes = {
	};
	objectVersion = 46;
	objects = {

/* Begin PBXBuildFile section */
		95AE0C9F19351C3F00982AFC /* Foundation.framework in Frameworks */ = {isa = PBXBuildFile; fileRef = 95AE0C9E19351C3F00982AFC /* Foundation.framework */; };
		95AE0CA119351C3F00982AFC /* CoreGraphics.framework in Frameworks */ = {isa = PBXBuildFile; fileRef = 95AE0CA019351C3F00982AFC /* CoreGraphics.framework */; };
		95AE0CA319351C3F00982AFC /* UIKit.framework in Frameworks */ = {isa = PBXBuildFile; fileRef = 95AE0CA219351C3F00982AFC /* UIKit.framework */; };
		95AE0CA919351C3F00982AFC /* InfoPlist.strings in Resources */ = {isa = PBXBuildFile; fileRef = 95AE0CA719351C3F00982AFC /* InfoPlist.strings */; };
		95AE0CAB19351C3F00982AFC /* main.m in Sources */ = {isa = PBXBuildFile; fileRef = 95AE0CAA19351C3F00982AFC /* main.m */; };
		95AE0CAF19351C3F00982AFC /* AppDelegate.m in Sources */ = {isa = PBXBuildFile; fileRef = 95AE0CAE19351C3F00982AFC /* AppDelegate.m */; };
		95AE0CB219351C3F00982AFC /* Main.storyboard in Resources */ = {isa = PBXBuildFile; fileRef = 95AE0CB019351C3F00982AFC /* Main.storyboard */; };
		95AE0CB519351C3F00982AFC /* MeetupMainViewController.m in Sources */ = {isa = PBXBuildFile; fileRef = 95AE0CB419351C3F00982AFC /* MeetupMainViewController.m */; };
		95AE0CB719351C3F00982AFC /* Images.xcassets in Resources */ = {isa = PBXBuildFile; fileRef = 95AE0CB619351C3F00982AFC /* Images.xcassets */; };
		95AE0CBE19351C3F00982AFC /* XCTest.framework in Frameworks */ = {isa = PBXBuildFile; fileRef = 95AE0CBD19351C3F00982AFC /* XCTest.framework */; };
		95AE0CBF19351C3F00982AFC /* Foundation.framework in Frameworks */ = {isa = PBXBuildFile; fileRef = 95AE0C9E19351C3F00982AFC /* Foundation.framework */; };
		95AE0CC019351C3F00982AFC /* UIKit.framework in Frameworks */ = {isa = PBXBuildFile; fileRef = 95AE0CA219351C3F00982AFC /* UIKit.framework */; };
		95AE0CC819351C3F00982AFC /* InfoPlist.strings in Resources */ = {isa = PBXBuildFile; fileRef = 95AE0CC619351C3F00982AFC /* InfoPlist.strings */; };
		95AE0CCA19351C3F00982AFC /* MeetupTests.m in Sources */ = {isa = PBXBuildFile; fileRef = 95AE0CC919351C3F00982AFC /* MeetupTests.m */; };
		95AE0CD51935261500982AFC /* EventDetailViewController.m in Sources */ = {isa = PBXBuildFile; fileRef = 95AE0CD41935261500982AFC /* EventDetailViewController.m */; };
		95AE0CD8193532FF00982AFC /* EventWebDetailsViewController.m in Sources */ = {isa = PBXBuildFile; fileRef = 95AE0CD7193532FF00982AFC /* EventWebDetailsViewController.m */; };
/* End PBXBuildFile section */

/* Begin PBXContainerItemProxy section */
		95AE0CC119351C3F00982AFC /* PBXContainerItemProxy */ = {
			isa = PBXContainerItemProxy;
			containerPortal = 95AE0C9319351C3F00982AFC /* Project object */;
			proxyType = 1;
			remoteGlobalIDString = 95AE0C9A19351C3F00982AFC;
			remoteInfo = Meetup;
		};
/* End PBXContainerItemProxy section */

/* Begin PBXFileReference section */
		95AE0C9B19351C3F00982AFC /* Meetup.app */ = {isa = PBXFileReference; explicitFileType = wrapper.application; includeInIndex = 0; path = Meetup.app; sourceTree = BUILT_PRODUCTS_DIR; };
		95AE0C9E19351C3F00982AFC /* Foundation.framework */ = {isa = PBXFileReference; lastKnownFileType = wrapper.framework; name = Foundation.framework; path = System/Library/Frameworks/Foundation.framework; sourceTree = SDKROOT; };
		95AE0CA019351C3F00982AFC /* CoreGraphics.framework */ = {isa = PBXFileReference; lastKnownFileType = wrapper.framework; name = CoreGraphics.framework; path = System/Library/Frameworks/CoreGraphics.framework; sourceTree = SDKROOT; };
		95AE0CA219351C3F00982AFC /* UIKit.framework */ = {isa = PBXFileReference; lastKnownFileType = wrapper.framework; name = UIKit.framework; path = System/Library/Frameworks/UIKit.framework; sourceTree = SDKROOT; };
		95AE0CA619351C3F00982AFC /* Meetup-Info.plist */ = {isa = PBXFileReference; lastKnownFileType = text.plist.xml; path = "Meetup-Info.plist"; sourceTree = "<group>"; };
		95AE0CA819351C3F00982AFC /* en */ = {isa = PBXFileReference; lastKnownFileType = text.plist.strings; name = en; path = en.lproj/InfoPlist.strings; sourceTree = "<group>"; };
		95AE0CAA19351C3F00982AFC /* main.m */ = {isa = PBXFileReference; lastKnownFileType = sourcecode.c.objc; path = main.m; sourceTree = "<group>"; };
		95AE0CAC19351C3F00982AFC /* Meetup-Prefix.pch */ = {isa = PBXFileReference; lastKnownFileType = sourcecode.c.h; path = "Meetup-Prefix.pch"; sourceTree = "<group>"; };
		95AE0CAD19351C3F00982AFC /* AppDelegate.h */ = {isa = PBXFileReference; lastKnownFileType = sourcecode.c.h; path = AppDelegate.h; sourceTree = "<group>"; };
		95AE0CAE19351C3F00982AFC /* AppDelegate.m */ = {isa = PBXFileReference; lastKnownFileType = sourcecode.c.objc; path = AppDelegate.m; sourceTree = "<group>"; };
		95AE0CB119351C3F00982AFC /* Base */ = {isa = PBXFileReference; lastKnownFileType = file.storyboard; name = Base; path = Base.lproj/Main.storyboard; sourceTree = "<group>"; };
		95AE0CB319351C3F00982AFC /* MeetupMainViewController.h */ = {isa = PBXFileReference; lastKnownFileType = sourcecode.c.h; path = MeetupMainViewController.h; sourceTree = "<group>"; };
		95AE0CB419351C3F00982AFC /* MeetupMainViewController.m */ = {isa = PBXFileReference; lastKnownFileType = sourcecode.c.objc; path = MeetupMainViewController.m; sourceTree = "<group>"; };
		95AE0CB619351C3F00982AFC /* Images.xcassets */ = {isa = PBXFileReference; lastKnownFileType = folder.assetcatalog; path = Images.xcassets; sourceTree = "<group>"; };
		95AE0CBC19351C3F00982AFC /* MeetupTests.xctest */ = {isa = PBXFileReference; explicitFileType = wrapper.cfbundle; includeInIndex = 0; path = MeetupTests.xctest; sourceTree = BUILT_PRODUCTS_DIR; };
		95AE0CBD19351C3F00982AFC /* XCTest.framework */ = {isa = PBXFileReference; lastKnownFileType = wrapper.framework; name = XCTest.framework; path = Library/Frameworks/XCTest.framework; sourceTree = DEVELOPER_DIR; };
		95AE0CC519351C3F00982AFC /* MeetupTests-Info.plist */ = {isa = PBXFileReference; lastKnownFileType = text.plist.xml; path = "MeetupTests-Info.plist"; sourceTree = "<group>"; };
		95AE0CC719351C3F00982AFC /* en */ = {isa = PBXFileReference; lastKnownFileType = text.plist.strings; name = en; path = en.lproj/InfoPlist.strings; sourceTree = "<group>"; };
		95AE0CC919351C3F00982AFC /* MeetupTests.m */ = {isa = PBXFileReference; lastKnownFileType = sourcecode.c.objc; path = MeetupTests.m; sourceTree = "<group>"; };
		95AE0CD31935261500982AFC /* EventDetailViewController.h */ = {isa = PBXFileReference; fileEncoding = 4; lastKnownFileType = sourcecode.c.h; path = EventDetailViewController.h; sourceTree = "<group>"; };
		95AE0CD41935261500982AFC /* EventDetailViewController.m */ = {isa = PBXFileReference; fileEncoding = 4; lastKnownFileType = sourcecode.c.objc; path = EventDetailViewController.m; sourceTree = "<group>"; };
		95AE0CD6193532FE00982AFC /* EventWebDetailsViewController.h */ = {isa = PBXFileReference; fileEncoding = 4; lastKnownFileType = sourcecode.c.h; name = EventWebDetailsViewController.h; path = ../EventWebDetailsViewController.h; sourceTree = "<group>"; };
		95AE0CD7193532FF00982AFC /* EventWebDetailsViewController.m */ = {isa = PBXFileReference; fileEncoding = 4; lastKnownFileType = sourcecode.c.objc; name = EventWebDetailsViewController.m; path = ../EventWebDetailsViewController.m; sourceTree = "<group>"; };
/* End PBXFileReference section */

/* Begin PBXFrameworksBuildPhase section */
		95AE0C9819351C3F00982AFC /* Frameworks */ = {
			isa = PBXFrameworksBuildPhase;
			buildActionMask = 2147483647;
			files = (
				95AE0CA119351C3F00982AFC /* CoreGraphics.framework in Frameworks */,
				95AE0CA319351C3F00982AFC /* UIKit.framework in Frameworks */,
				95AE0C9F19351C3F00982AFC /* Foundation.framework in Frameworks */,
			);
			runOnlyForDeploymentPostprocessing = 0;
		};
		95AE0CB919351C3F00982AFC /* Frameworks */ = {
			isa = PBXFrameworksBuildPhase;
			buildActionMask = 2147483647;
			files = (
				95AE0CBE19351C3F00982AFC /* XCTest.framework in Frameworks */,
				95AE0CC019351C3F00982AFC /* UIKit.framework in Frameworks */,
				95AE0CBF19351C3F00982AFC /* Foundation.framework in Frameworks */,
			);
			runOnlyForDeploymentPostprocessing = 0;
		};
/* End PBXFrameworksBuildPhase section */

/* Begin PBXGroup section */
		95AE0C9219351C3F00982AFC = {
			isa = PBXGroup;
			children = (
				95AE0CA419351C3F00982AFC /* Meetup */,
				95AE0CC319351C3F00982AFC /* MeetupTests */,
				95AE0C9D19351C3F00982AFC /* Frameworks */,
				95AE0C9C19351C3F00982AFC /* Products */,
			);
			sourceTree = "<group>";
		};
		95AE0C9C19351C3F00982AFC /* Products */ = {
			isa = PBXGroup;
			children = (
				95AE0C9B19351C3F00982AFC /* Meetup.app */,
				95AE0CBC19351C3F00982AFC /* MeetupTests.xctest */,
			);
			name = Products;
			sourceTree = "<group>";
		};
		95AE0C9D19351C3F00982AFC /* Frameworks */ = {
			isa = PBXGroup;
			children = (
				95AE0C9E19351C3F00982AFC /* Foundation.framework */,
				95AE0CA019351C3F00982AFC /* CoreGraphics.framework */,
				95AE0CA219351C3F00982AFC /* UIKit.framework */,
				95AE0CBD19351C3F00982AFC /* XCTest.framework */,
			);
			name = Frameworks;
			sourceTree = "<group>";
		};
		95AE0CA419351C3F00982AFC /* Meetup */ = {
			isa = PBXGroup;
			children = (
				95AE0CAD19351C3F00982AFC /* AppDelegate.h */,
				95AE0CAE19351C3F00982AFC /* AppDelegate.m */,
				95AE0CB019351C3F00982AFC /* Main.storyboard */,
				95AE0CB319351C3F00982AFC /* MeetupMainViewController.h */,
				95AE0CB419351C3F00982AFC /* MeetupMainViewController.m */,
				95AE0CD31935261500982AFC /* EventDetailViewController.h */,
				95AE0CD41935261500982AFC /* EventDetailViewController.m */,
				95AE0CD6193532FE00982AFC /* EventWebDetailsViewController.h */,
				95AE0CD7193532FF00982AFC /* EventWebDetailsViewController.m */,
				95AE0CB619351C3F00982AFC /* Images.xcassets */,
				95AE0CA519351C3F00982AFC /* Supporting Files */,
			);
			path = Meetup;
			sourceTree = "<group>";
		};
		95AE0CA519351C3F00982AFC /* Supporting Files */ = {
			isa = PBXGroup;
			children = (
				95AE0CA619351C3F00982AFC /* Meetup-Info.plist */,
				95AE0CA719351C3F00982AFC /* InfoPlist.strings */,
				95AE0CAA19351C3F00982AFC /* main.m */,
				95AE0CAC19351C3F00982AFC /* Meetup-Prefix.pch */,
			);
			name = "Supporting Files";
			sourceTree = "<group>";
		};
		95AE0CC319351C3F00982AFC /* MeetupTests */ = {
			isa = PBXGroup;
			children = (
				95AE0CC919351C3F00982AFC /* MeetupTests.m */,
				95AE0CC419351C3F00982AFC /* Supporting Files */,
			);
			path = MeetupTests;
			sourceTree = "<group>";
		};
		95AE0CC419351C3F00982AFC /* Supporting Files */ = {
			isa = PBXGroup;
			children = (
				95AE0CC519351C3F00982AFC /* MeetupTests-Info.plist */,
				95AE0CC619351C3F00982AFC /* InfoPlist.strings */,
			);
			name = "Supporting Files";
			sourceTree = "<group>";
		};
/* End PBXGroup section */

/* Begin PBXNativeTarget section */
		95AE0C9A19351C3F00982AFC /* Meetup */ = {
			isa = PBXNativeTarget;
			buildConfigurationList = 95AE0CCD19351C3F00982AFC /* Build configuration list for PBXNativeTarget "Meetup" */;
			buildPhases = (
				95AE0C9719351C3F00982AFC /* Sources */,
				95AE0C9819351C3F00982AFC /* Frameworks */,
				95AE0C9919351C3F00982AFC /* Resources */,
			);
			buildRules = (
			);
			dependencies = (
			);
			name = Meetup;
			productName = Meetup;
			productReference = 95AE0C9B19351C3F00982AFC /* Meetup.app */;
			productType = "com.apple.product-type.application";
		};
		95AE0CBB19351C3F00982AFC /* MeetupTests */ = {
			isa = PBXNativeTarget;
			buildConfigurationList = 95AE0CD019351C3F00982AFC /* Build configuration list for PBXNativeTarget "MeetupTests" */;
			buildPhases = (
				95AE0CB819351C3F00982AFC /* Sources */,
				95AE0CB919351C3F00982AFC /* Frameworks */,
				95AE0CBA19351C3F00982AFC /* Resources */,
			);
			buildRules = (
			);
			dependencies = (
				95AE0CC219351C3F00982AFC /* PBXTargetDependency */,
			);
			name = MeetupTests;
			productName = MeetupTests;
			productReference = 95AE0CBC19351C3F00982AFC /* MeetupTests.xctest */;
			productType = "com.apple.product-type.bundle.unit-test";
		};
/* End PBXNativeTarget section */

/* Begin PBXProject section */
		95AE0C9319351C3F00982AFC /* Project object */ = {
			isa = PBXProject;
			attributes = {
				LastUpgradeCheck = 0510;
				ORGANIZATIONNAME = "Appivot LLC";
				TargetAttributes = {
					95AE0CBB19351C3F00982AFC = {
						TestTargetID = 95AE0C9A19351C3F00982AFC;
					};
				};
			};
			buildConfigurationList = 95AE0C9619351C3F00982AFC /* Build configuration list for PBXProject "Meetup" */;
			compatibilityVersion = "Xcode 3.2";
			developmentRegion = English;
			hasScannedForEncodings = 0;
			knownRegions = (
				en,
				Base,
			);
			mainGroup = 95AE0C9219351C3F00982AFC;
			productRefGroup = 95AE0C9C19351C3F00982AFC /* Products */;
			projectDirPath = "";
			projectRoot = "";
			targets = (
				95AE0C9A19351C3F00982AFC /* Meetup */,
				95AE0CBB19351C3F00982AFC /* MeetupTests */,
			);
		};
/* End PBXProject section */

/* Begin PBXResourcesBuildPhase section */
		95AE0C9919351C3F00982AFC /* Resources */ = {
			isa = PBXResourcesBuildPhase;
			buildActionMask = 2147483647;
			files = (
				95AE0CB719351C3F00982AFC /* Images.xcassets in Resources */,
				95AE0CA919351C3F00982AFC /* InfoPlist.strings in Resources */,
				95AE0CB219351C3F00982AFC /* Main.storyboard in Resources */,
			);
			runOnlyForDeploymentPostprocessing = 0;
		};
		95AE0CBA19351C3F00982AFC /* Resources */ = {
			isa = PBXResourcesBuildPhase;
			buildActionMask = 2147483647;
			files = (
				95AE0CC819351C3F00982AFC /* InfoPlist.strings in Resources */,
			);
			runOnlyForDeploymentPostprocessing = 0;
		};
/* End PBXResourcesBuildPhase section */

/* Begin PBXSourcesBuildPhase section */
		95AE0C9719351C3F00982AFC /* Sources */ = {
			isa = PBXSourcesBuildPhase;
			buildActionMask = 2147483647;
			files = (
				95AE0CB519351C3F00982AFC /* MeetupMainViewController.m in Sources */,
				95AE0CAF19351C3F00982AFC /* AppDelegate.m in Sources */,
				95AE0CD8193532FF00982AFC /* EventWebDetailsViewController.m in Sources */,
				95AE0CAB19351C3F00982AFC /* main.m in Sources */,
				95AE0CD51935261500982AFC /* EventDetailViewController.m in Sources */,
			);
			runOnlyForDeploymentPostprocessing = 0;
		};
		95AE0CB819351C3F00982AFC /* Sources */ = {
			isa = PBXSourcesBuildPhase;
			buildActionMask = 2147483647;
			files = (
				95AE0CCA19351C3F00982AFC /* MeetupTests.m in Sources */,
			);
			runOnlyForDeploymentPostprocessing = 0;
		};
/* End PBXSourcesBuildPhase section */

/* Begin PBXTargetDependency section */
		95AE0CC219351C3F00982AFC /* PBXTargetDependency */ = {
			isa = PBXTargetDependency;
			target = 95AE0C9A19351C3F00982AFC /* Meetup */;
			targetProxy = 95AE0CC119351C3F00982AFC /* PBXContainerItemProxy */;
		};
/* End PBXTargetDependency section */

/* Begin PBXVariantGroup section */
		95AE0CA719351C3F00982AFC /* InfoPlist.strings */ = {
			isa = PBXVariantGroup;
			children = (
				95AE0CA819351C3F00982AFC /* en */,
			);
			name = InfoPlist.strings;
			sourceTree = "<group>";
		};
		95AE0CB019351C3F00982AFC /* Main.storyboard */ = {
			isa = PBXVariantGroup;
			children = (
				95AE0CB119351C3F00982AFC /* Base */,
			);
			name = Main.storyboard;
			sourceTree = "<group>";
		};
		95AE0CC619351C3F00982AFC /* InfoPlist.strings */ = {
			isa = PBXVariantGroup;
			children = (
				95AE0CC719351C3F00982AFC /* en */,
			);
			name = InfoPlist.strings;
			sourceTree = "<group>";
		};
/* End PBXVariantGroup section */

/* Begin XCBuildConfiguration section */
		95AE0CCB19351C3F00982AFC /* Debug */ = {
			isa = XCBuildConfiguration;
			buildSettings = {
				ALWAYS_SEARCH_USER_PATHS = NO;
				CLANG_CXX_LANGUAGE_STANDARD = "gnu++0x";
				CLANG_CXX_LIBRARY = "libc++";
				CLANG_ENABLE_MODULES = YES;
				CLANG_ENABLE_OBJC_ARC = YES;
				CLANG_WARN_BOOL_CONVERSION = YES;
				CLANG_WARN_CONSTANT_CONVERSION = YES;
				CLANG_WARN_DIRECT_OBJC_ISA_USAGE = YES_ERROR;
				CLANG_WARN_EMPTY_BODY = YES;
				CLANG_WARN_ENUM_CONVERSION = YES;
				CLANG_WARN_INT_CONVERSION = YES;
				CLANG_WARN_OBJC_ROOT_CLASS = YES_ERROR;
				CLANG_WARN__DUPLICATE_METHOD_MATCH = YES;
				"CODE_SIGN_IDENTITY[sdk=iphoneos*]" = "iPhone Developer";
				COPY_PHASE_STRIP = NO;
				GCC_C_LANGUAGE_STANDARD = gnu99;
				GCC_DYNAMIC_NO_PIC = NO;
				GCC_OPTIMIZATION_LEVEL = 0;
				GCC_PREPROCESSOR_DEFINITIONS = (
					"DEBUG=1",
					"$(inherited)",
				);
				GCC_SYMBOLS_PRIVATE_EXTERN = NO;
				GCC_WARN_64_TO_32_BIT_CONVERSION = YES;
				GCC_WARN_ABOUT_RETURN_TYPE = YES_ERROR;
				GCC_WARN_UNDECLARED_SELECTOR = YES;
				GCC_WARN_UNINITIALIZED_AUTOS = YES_AGGRESSIVE;
				GCC_WARN_UNUSED_FUNCTION = YES;
				GCC_WARN_UNUSED_VARIABLE = YES;
				IPHONEOS_DEPLOYMENT_TARGET = 7.1;
				ONLY_ACTIVE_ARCH = YES;
				SDKROOT = iphoneos;
			};
			name = Debug;
		};
		95AE0CCC19351C3F00982AFC /* Release */ = {
			isa = XCBuildConfiguration;
			buildSettings = {
				ALWAYS_SEARCH_USER_PATHS = NO;
				CLANG_CXX_LANGUAGE_STANDARD = "gnu++0x";
				CLANG_CXX_LIBRARY = "libc++";
				CLANG_ENABLE_MODULES = YES;
				CLANG_ENABLE_OBJC_ARC = YES;
				CLANG_WARN_BOOL_CONVERSION = YES;
				CLANG_WARN_CONSTANT_CONVERSION = YES;
				CLANG_WARN_DIRECT_OBJC_ISA_USAGE = YES_ERROR;
				CLANG_WARN_EMPTY_BODY = YES;
				CLANG_WARN_ENUM_CONVERSION = YES;
				CLANG_WARN_INT_CONVERSION = YES;
				CLANG_WARN_OBJC_ROOT_CLASS = YES_ERROR;
				CLANG_WARN__DUPLICATE_METHOD_MATCH = YES;
				"CODE_SIGN_IDENTITY[sdk=iphoneos*]" = "iPhone Developer";
				COPY_PHASE_STRIP = YES;
				ENABLE_NS_ASSERTIONS = NO;
				GCC_C_LANGUAGE_STANDARD = gnu99;
				GCC_WARN_64_TO_32_BIT_CONVERSION = YES;
				GCC_WARN_ABOUT_RETURN_TYPE = YES_ERROR;
				GCC_WARN_UNDECLARED_SELECTOR = YES;
				GCC_WARN_UNINITIALIZED_AUTOS = YES_AGGRESSIVE;
				GCC_WARN_UNUSED_FUNCTION = YES;
				GCC_WARN_UNUSED_VARIABLE = YES;
				IPHONEOS_DEPLOYMENT_TARGET = 7.1;
				SDKROOT = iphoneos;
				VALIDATE_PRODUCT = YES;
			};
			name = Release;
		};
		95AE0CCE19351C3F00982AFC /* Debug */ = {
			isa = XCBuildConfiguration;
			buildSettings = {
				ASSETCATALOG_COMPILER_APPICON_NAME = AppIcon;
				ASSETCATALOG_COMPILER_LAUNCHIMAGE_NAME = LaunchImage;
				GCC_PRECOMPILE_PREFIX_HEADER = YES;
				GCC_PREFIX_HEADER = "Meetup/Meetup-Prefix.pch";
				INFOPLIST_FILE = "Meetup/Meetup-Info.plist";
				PRODUCT_NAME = "$(TARGET_NAME)";
				WRAPPER_EXTENSION = app;
			};
			name = Debug;
		};
		95AE0CCF19351C3F00982AFC /* Release */ = {
			isa = XCBuildConfiguration;
			buildSettings = {
				ASSETCATALOG_COMPILER_APPICON_NAME = AppIcon;
				ASSETCATALOG_COMPILER_LAUNCHIMAGE_NAME = LaunchImage;
				GCC_PRECOMPILE_PREFIX_HEADER = YES;
				GCC_PREFIX_HEADER = "Meetup/Meetup-Prefix.pch";
				INFOPLIST_FILE = "Meetup/Meetup-Info.plist";
				PRODUCT_NAME = "$(TARGET_NAME)";
				WRAPPER_EXTENSION = app;
			};
			name = Release;
		};
		95AE0CD119351C3F00982AFC /* Debug */ = {
			isa = XCBuildConfiguration;
			buildSettings = {
				BUNDLE_LOADER = "$(BUILT_PRODUCTS_DIR)/Meetup.app/Meetup";
				FRAMEWORK_SEARCH_PATHS = (
					"$(SDKROOT)/Developer/Library/Frameworks",
					"$(inherited)",
					"$(DEVELOPER_FRAMEWORKS_DIR)",
				);
				GCC_PRECOMPILE_PREFIX_HEADER = YES;
				GCC_PREFIX_HEADER = "Meetup/Meetup-Prefix.pch";
				GCC_PREPROCESSOR_DEFINITIONS = (
					"DEBUG=1",
					"$(inherited)",
				);
				INFOPLIST_FILE = "MeetupTests/MeetupTests-Info.plist";
				PRODUCT_NAME = "$(TARGET_NAME)";
				TEST_HOST = "$(BUNDLE_LOADER)";
				WRAPPER_EXTENSION = xctest;
			};
			name = Debug;
		};
		95AE0CD219351C3F00982AFC /* Release */ = {
			isa = XCBuildConfiguration;
			buildSettings = {
				BUNDLE_LOADER = "$(BUILT_PRODUCTS_DIR)/Meetup.app/Meetup";
				FRAMEWORK_SEARCH_PATHS = (
					"$(SDKROOT)/Developer/Library/Frameworks",
					"$(inherited)",
					"$(DEVELOPER_FRAMEWORKS_DIR)",
				);
				GCC_PRECOMPILE_PREFIX_HEADER = YES;
				GCC_PREFIX_HEADER = "Meetup/Meetup-Prefix.pch";
				INFOPLIST_FILE = "MeetupTests/MeetupTests-Info.plist";
				PRODUCT_NAME = "$(TARGET_NAME)";
				TEST_HOST = "$(BUNDLE_LOADER)";
				WRAPPER_EXTENSION = xctest;
			};
			name = Release;
		};
/* End XCBuildConfiguration section */

/* Begin XCConfigurationList section */
		95AE0C9619351C3F00982AFC /* Build configuration list for PBXProject "Meetup" */ = {
			isa = XCConfigurationList;
			buildConfigurations = (
				95AE0CCB19351C3F00982AFC /* Debug */,
				95AE0CCC19351C3F00982AFC /* Release */,
			);
			defaultConfigurationIsVisible = 0;
			defaultConfigurationName = Release;
		};
		95AE0CCD19351C3F00982AFC /* Build configuration list for PBXNativeTarget "Meetup" */ = {
			isa = XCConfigurationList;
			buildConfigurations = (
				95AE0CCE19351C3F00982AFC /* Debug */,
				95AE0CCF19351C3F00982AFC /* Release */,
			);
			defaultConfigurationIsVisible = 0;
		};
		95AE0CD019351C3F00982AFC /* Build configuration list for PBXNativeTarget "MeetupTests" */ = {
			isa = XCConfigurationList;
			buildConfigurations = (
				95AE0CD119351C3F00982AFC /* Debug */,
				95AE0CD219351C3F00982AFC /* Release */,
			);
			defaultConfigurationIsVisible = 0;
		};
/* End XCConfigurationList section */
	};
	rootObject = 95AE0C9319351C3F00982AFC /* Project object */;
}
